
Microsoft Visual Studio Solution File, Format Version 12.00
# Visual Studio Version 17
VisualStudioVersion = 17.3.32819.101
MinimumVisualStudioVersion = 10.0.40219.1
Project("{FAE04EC0-301F-11D3-BF4B-00C04F79EFBC}") = "Meuprimeiroprograma-CSharp", "Meuprimeiroprograma-CSharp\Meuprimeiroprograma-CSharp.csproj", "{7EF17FE3-3D27-468B-ADBB-A65E6B756D10}"
EndProject
Global
	GlobalSection(SolutionConfigurationPlatforms) = preSolution
		Debug|Any CPU = Debug|Any CPU
		Release|Any CPU = Release|Any CPU
	EndGlobalSection
	GlobalSection(ProjectConfigurationPlatforms) = postSolution
		{7EF17FE3-3D27-468B-ADBB-A65E6B756D10}.Debug|Any CPU.ActiveCfg = Debug|Any CPU
		{7EF17FE3-3D27-468B-ADBB-A65E6B756D10}.Debug|Any CPU.Build.0 = Debug|Any CPU
		{7EF17FE3-3D27-468B-ADBB-A65E6B756D10}.Release|Any CPU.ActiveCfg = Release|Any CPU
		{7EF17FE3-3D27-468B-ADBB-A65E6B756D10}.Release|Any CPU.Build.0 = Release|Any CPU
	EndGlobalSection
	GlobalSection(SolutionProperties) = preSolution
		HideSolutionNode = FALSE
	EndGlobalSection
	GlobalSection(ExtensibilityGlobals) = postSolution
		SolutionGuid = {EE6DF874-DE15-43B5-98DF-B9B0D09E54BB}
	EndGlobalSection
EndGlobal
